
Microsoft Visual Studio Solution File, Format Version 12.00
# Visual Studio 2013
VisualStudioVersion = 12.0.30110.0
MinimumVisualStudioVersion = 10.0.40219.1
Project("{FAE04EC0-301F-11D3-BF4B-00C04F79EFBC}") = "TTT", "TTT.csproj", "{61870994-A2B0-4C0E-8ED3-EF8EEE9D3464}"
EndProject
Project("{FAE04EC0-301F-11D3-BF4B-00C04F79EFBC}") = "GameWinnerService", "GameWinnerService\GameWinnerService.csproj", "{D1856A7F-BD5E-4513-85B0-B80C1F69C557}"
EndProject
Global
	GlobalSection(SolutionConfigurationPlatforms) = preSolution
		Debug|Any CPU = Debug|Any CPU
		Release|Any CPU = Release|Any CPU
	EndGlobalSection
	GlobalSection(ProjectConfigurationPlatforms) = postSolution
		{61870994-A2B0-4C0E-8ED3-EF8EEE9D3464}.Debug|Any CPU.ActiveCfg = Debug|Any CPU
		{61870994-A2B0-4C0E-8ED3-EF8EEE9D3464}.Debug|Any CPU.Build.0 = Debug|Any CPU
		{61870994-A2B0-4C0E-8ED3-EF8EEE9D3464}.Release|Any CPU.ActiveCfg = Release|Any CPU
		{61870994-A2B0-4C0E-8ED3-EF8EEE9D3464}.Release|Any CPU.Build.0 = Release|Any CPU
		{D1856A7F-BD5E-4513-85B0-B80C1F69C557}.Debug|Any CPU.ActiveCfg = Debug|Any CPU
		{D1856A7F-BD5E-4513-85B0-B80C1F69C557}.Debug|Any CPU.Build.0 = Debug|Any CPU
		{D1856A7F-BD5E-4513-85B0-B80C1F69C557}.Release|Any CPU.ActiveCfg = Release|Any CPU
		{D1856A7F-BD5E-4513-85B0-B80C1F69C557}.Release|Any CPU.Build.0 = Release|Any CPU
	EndGlobalSection
	GlobalSection(SolutionProperties) = preSolution
		HideSolutionNode = FALSE
	EndGlobalSection
EndGlobal
